
Microsoft Visual Studio Solution File, Format Version 12.00
# Visual Studio Version 17
VisualStudioVersion = 17.9.34728.123
MinimumVisualStudioVersion = 10.0.40219.1
Project("{2150E333-8FDC-42A3-9474-1A3956D46DE8}") = "Catalog", "Catalog", "{8C37D116-30CB-479E-8E7F-4ABA84D696CF}"
EndProject
Project("{FAE04EC0-301F-11D3-BF4B-00C04F79EFBC}") = "Catalog.API", "Catalog\Catalog.API\Catalog.API.csproj", "{63B6E63D-1C5B-46E7-96BC-A97049C3BD1B}"
EndProject
Project("{2150E333-8FDC-42A3-9474-1A3956D46DE8}") = "Services", "Services", "{9312FC12-8DA4-4AFA-BCE2-BAD7D1206004}"
EndProject
Global
	GlobalSection(SolutionConfigurationPlatforms) = preSolution
		Debug|Any CPU = Debug|Any CPU
		Release|Any CPU = Release|Any CPU
	EndGlobalSection
	GlobalSection(ProjectConfigurationPlatforms) = postSolution
		{63B6E63D-1C5B-46E7-96BC-A97049C3BD1B}.Debug|Any CPU.ActiveCfg = Debug|Any CPU
		{63B6E63D-1C5B-46E7-96BC-A97049C3BD1B}.Debug|Any CPU.Build.0 = Debug|Any CPU
		{63B6E63D-1C5B-46E7-96BC-A97049C3BD1B}.Release|Any CPU.ActiveCfg = Release|Any CPU
		{63B6E63D-1C5B-46E7-96BC-A97049C3BD1B}.Release|Any CPU.Build.0 = Release|Any CPU
	EndGlobalSection
	GlobalSection(SolutionProperties) = preSolution
		HideSolutionNode = FALSE
	EndGlobalSection
	GlobalSection(NestedProjects) = preSolution
		{8C37D116-30CB-479E-8E7F-4ABA84D696CF} = {9312FC12-8DA4-4AFA-BCE2-BAD7D1206004}
		{63B6E63D-1C5B-46E7-96BC-A97049C3BD1B} = {8C37D116-30CB-479E-8E7F-4ABA84D696CF}
	EndGlobalSection
	GlobalSection(ExtensibilityGlobals) = postSolution
		SolutionGuid = {0F301FF7-543A-45A6-B98F-EA142F996FE1}
	EndGlobalSection
EndGlobal
