
Microsoft Visual Studio Solution File, Format Version 12.00
# Visual Studio Version 17
VisualStudioVersion = 17.9.34728.123
MinimumVisualStudioVersion = 10.0.40219.1
Project("{2150E333-8FDC-42A3-9474-1A3956D46DE8}") = "Catalog", "Catalog", "{8C37D116-30CB-479E-8E7F-4ABA84D696CF}"
EndProject
Project("{9A19103F-16F7-4668-BE54-9A1E7A4F7556}") = "Catalog.API", "Catalog\Catalog.API\Catalog.API.csproj", "{63B6E63D-1C5B-46E7-96BC-A97049C3BD1B}"
EndProject
Project("{2150E333-8FDC-42A3-9474-1A3956D46DE8}") = "Services", "Services", "{9312FC12-8DA4-4AFA-BCE2-BAD7D1206004}"
EndProject
Project("{2150E333-8FDC-42A3-9474-1A3956D46DE8}") = "BuildingBlocks", "BuildingBlocks", "{DCFECF19-D57E-444A-AA3D-34BF08947B6D}"
EndProject
Project("{9A19103F-16F7-4668-BE54-9A1E7A4F7556}") = "BuildingBlocks", "BuildingBlocks\BuildingBlocks\BuildingBlocks.csproj", "{0D318F72-3D9E-41E0-8C6A-E188E799EF3A}"
EndProject
Project("{2150E333-8FDC-42A3-9474-1A3956D46DE8}") = "Basket", "Basket", "{F41370B4-7CA7-4A03-BFC6-1DF4D9D57A46}"
EndProject
Project("{9A19103F-16F7-4668-BE54-9A1E7A4F7556}") = "Basket.API", "Basket\Basket.API\Basket.API.csproj", "{19FDC825-F351-498F-9515-9F10C657FB0B}"
EndProject
Project("{2150E333-8FDC-42A3-9474-1A3956D46DE8}") = "Discount", "Discount", "{D2728F96-061C-434A-8995-594CB788AC18}"
EndProject
Project("{9A19103F-16F7-4668-BE54-9A1E7A4F7556}") = "Discount.Grpc", "Discount\Discount.Grpc\Discount.Grpc.csproj", "{B95CE615-B668-42FF-A9D8-17AB9E8D084E}"
EndProject
Project("{2150E333-8FDC-42A3-9474-1A3956D46DE8}") = "Ordering", "Ordering", "{7BC3B9CA-E09B-4BE0-A1C9-F14D1FF6DA1D}"
EndProject
Project("{9A19103F-16F7-4668-BE54-9A1E7A4F7556}") = "Ordering.API", "Ordering\Ordering.API\Ordering.API.csproj", "{58031027-102C-4E60-9B92-FA5EACC12FEE}"
EndProject
Project("{9A19103F-16F7-4668-BE54-9A1E7A4F7556}") = "Ordering.Domain", "Ordering\Ordering.Domain\Ordering.Domain.csproj", "{09E7588C-5E9D-4D72-BB17-53DB97DE0EF0}"
EndProject
Project("{9A19103F-16F7-4668-BE54-9A1E7A4F7556}") = "Ordering.Application", "Ordering\Ordering.Application\Ordering.Application.csproj", "{46B18461-00C8-4513-A74B-528E87CAC973}"
EndProject
Project("{9A19103F-16F7-4668-BE54-9A1E7A4F7556}") = "Ordering.Infrastructure", "Ordering\Ordering.Infrastructure\Ordering.Infrastructure.csproj", "{33E1D1C6-55B1-45F8-A697-B6593C56CC28}"
EndProject
Project("{9A19103F-16F7-4668-BE54-9A1E7A4F7556}") = "BuildingBlocks.Messaging", "BuildingBlocks\BuildingBlocks.Messaging\BuildingBlocks.Messaging.csproj", "{6A8C9810-9E55-4E74-9CD6-651CAF76A061}"
EndProject
Project("{2150E333-8FDC-42A3-9474-1A3956D46DE8}") = "ApiGateways", "ApiGateways", "{AF4CB829-A907-4349-8F79-5FE779A977AF}"
EndProject
Project("{9A19103F-16F7-4668-BE54-9A1E7A4F7556}") = "YarpApiGateway", "ApiGateways\YarpApiGateway\YarpApiGateway.csproj", "{E2801116-5E4F-4DA4-9B89-9C4644C351C1}"
EndProject
Project("{E53339B2-1760-4266-BCC7-CA923CBCF16C}") = "docker-compose", "docker-compose.dcproj", "{2D713F79-396D-4524-A295-F9FF16BD0D46}"
EndProject
Global
	GlobalSection(SolutionConfigurationPlatforms) = preSolution
		Debug|Any CPU = Debug|Any CPU
		Release|Any CPU = Release|Any CPU
	EndGlobalSection
	GlobalSection(ProjectConfigurationPlatforms) = postSolution
		{63B6E63D-1C5B-46E7-96BC-A97049C3BD1B}.Debug|Any CPU.ActiveCfg = Debug|Any CPU
		{63B6E63D-1C5B-46E7-96BC-A97049C3BD1B}.Debug|Any CPU.Build.0 = Debug|Any CPU
		{63B6E63D-1C5B-46E7-96BC-A97049C3BD1B}.Release|Any CPU.ActiveCfg = Release|Any CPU
		{63B6E63D-1C5B-46E7-96BC-A97049C3BD1B}.Release|Any CPU.Build.0 = Release|Any CPU
		{0D318F72-3D9E-41E0-8C6A-E188E799EF3A}.Debug|Any CPU.ActiveCfg = Debug|Any CPU
		{0D318F72-3D9E-41E0-8C6A-E188E799EF3A}.Debug|Any CPU.Build.0 = Debug|Any CPU
		{0D318F72-3D9E-41E0-8C6A-E188E799EF3A}.Release|Any CPU.ActiveCfg = Release|Any CPU
		{0D318F72-3D9E-41E0-8C6A-E188E799EF3A}.Release|Any CPU.Build.0 = Release|Any CPU
		{19FDC825-F351-498F-9515-9F10C657FB0B}.Debug|Any CPU.ActiveCfg = Debug|Any CPU
		{19FDC825-F351-498F-9515-9F10C657FB0B}.Debug|Any CPU.Build.0 = Debug|Any CPU
		{19FDC825-F351-498F-9515-9F10C657FB0B}.Release|Any CPU.ActiveCfg = Release|Any CPU
		{19FDC825-F351-498F-9515-9F10C657FB0B}.Release|Any CPU.Build.0 = Release|Any CPU
		{B95CE615-B668-42FF-A9D8-17AB9E8D084E}.Debug|Any CPU.ActiveCfg = Debug|Any CPU
		{B95CE615-B668-42FF-A9D8-17AB9E8D084E}.Debug|Any CPU.Build.0 = Debug|Any CPU
		{B95CE615-B668-42FF-A9D8-17AB9E8D084E}.Release|Any CPU.ActiveCfg = Release|Any CPU
		{B95CE615-B668-42FF-A9D8-17AB9E8D084E}.Release|Any CPU.Build.0 = Release|Any CPU
		{58031027-102C-4E60-9B92-FA5EACC12FEE}.Debug|Any CPU.ActiveCfg = Debug|Any CPU
		{58031027-102C-4E60-9B92-FA5EACC12FEE}.Debug|Any CPU.Build.0 = Debug|Any CPU
		{58031027-102C-4E60-9B92-FA5EACC12FEE}.Release|Any CPU.ActiveCfg = Release|Any CPU
		{58031027-102C-4E60-9B92-FA5EACC12FEE}.Release|Any CPU.Build.0 = Release|Any CPU
		{09E7588C-5E9D-4D72-BB17-53DB97DE0EF0}.Debug|Any CPU.ActiveCfg = Debug|Any CPU
		{09E7588C-5E9D-4D72-BB17-53DB97DE0EF0}.Debug|Any CPU.Build.0 = Debug|Any CPU
		{09E7588C-5E9D-4D72-BB17-53DB97DE0EF0}.Release|Any CPU.ActiveCfg = Release|Any CPU
		{09E7588C-5E9D-4D72-BB17-53DB97DE0EF0}.Release|Any CPU.Build.0 = Release|Any CPU
		{46B18461-00C8-4513-A74B-528E87CAC973}.Debug|Any CPU.ActiveCfg = Debug|Any CPU
		{46B18461-00C8-4513-A74B-528E87CAC973}.Debug|Any CPU.Build.0 = Debug|Any CPU
		{46B18461-00C8-4513-A74B-528E87CAC973}.Release|Any CPU.ActiveCfg = Release|Any CPU
		{46B18461-00C8-4513-A74B-528E87CAC973}.Release|Any CPU.Build.0 = Release|Any CPU
		{33E1D1C6-55B1-45F8-A697-B6593C56CC28}.Debug|Any CPU.ActiveCfg = Debug|Any CPU
		{33E1D1C6-55B1-45F8-A697-B6593C56CC28}.Debug|Any CPU.Build.0 = Debug|Any CPU
		{33E1D1C6-55B1-45F8-A697-B6593C56CC28}.Release|Any CPU.ActiveCfg = Release|Any CPU
		{33E1D1C6-55B1-45F8-A697-B6593C56CC28}.Release|Any CPU.Build.0 = Release|Any CPU
		{6A8C9810-9E55-4E74-9CD6-651CAF76A061}.Debug|Any CPU.ActiveCfg = Debug|Any CPU
		{6A8C9810-9E55-4E74-9CD6-651CAF76A061}.Debug|Any CPU.Build.0 = Debug|Any CPU
		{6A8C9810-9E55-4E74-9CD6-651CAF76A061}.Release|Any CPU.ActiveCfg = Release|Any CPU
		{6A8C9810-9E55-4E74-9CD6-651CAF76A061}.Release|Any CPU.Build.0 = Release|Any CPU
		{E2801116-5E4F-4DA4-9B89-9C4644C351C1}.Debug|Any CPU.ActiveCfg = Debug|Any CPU
		{E2801116-5E4F-4DA4-9B89-9C4644C351C1}.Debug|Any CPU.Build.0 = Debug|Any CPU
		{E2801116-5E4F-4DA4-9B89-9C4644C351C1}.Release|Any CPU.ActiveCfg = Release|Any CPU
		{E2801116-5E4F-4DA4-9B89-9C4644C351C1}.Release|Any CPU.Build.0 = Release|Any CPU
		{2D713F79-396D-4524-A295-F9FF16BD0D46}.Debug|Any CPU.ActiveCfg = Debug|Any CPU
		{2D713F79-396D-4524-A295-F9FF16BD0D46}.Debug|Any CPU.Build.0 = Debug|Any CPU
		{2D713F79-396D-4524-A295-F9FF16BD0D46}.Release|Any CPU.ActiveCfg = Release|Any CPU
		{2D713F79-396D-4524-A295-F9FF16BD0D46}.Release|Any CPU.Build.0 = Release|Any CPU
	EndGlobalSection
	GlobalSection(SolutionProperties) = preSolution
		HideSolutionNode = FALSE
	EndGlobalSection
	GlobalSection(NestedProjects) = preSolution
		{8C37D116-30CB-479E-8E7F-4ABA84D696CF} = {9312FC12-8DA4-4AFA-BCE2-BAD7D1206004}
		{63B6E63D-1C5B-46E7-96BC-A97049C3BD1B} = {8C37D116-30CB-479E-8E7F-4ABA84D696CF}
		{0D318F72-3D9E-41E0-8C6A-E188E799EF3A} = {DCFECF19-D57E-444A-AA3D-34BF08947B6D}
		{F41370B4-7CA7-4A03-BFC6-1DF4D9D57A46} = {9312FC12-8DA4-4AFA-BCE2-BAD7D1206004}
		{19FDC825-F351-498F-9515-9F10C657FB0B} = {F41370B4-7CA7-4A03-BFC6-1DF4D9D57A46}
		{D2728F96-061C-434A-8995-594CB788AC18} = {9312FC12-8DA4-4AFA-BCE2-BAD7D1206004}
		{B95CE615-B668-42FF-A9D8-17AB9E8D084E} = {D2728F96-061C-434A-8995-594CB788AC18}
		{7BC3B9CA-E09B-4BE0-A1C9-F14D1FF6DA1D} = {9312FC12-8DA4-4AFA-BCE2-BAD7D1206004}
		{58031027-102C-4E60-9B92-FA5EACC12FEE} = {7BC3B9CA-E09B-4BE0-A1C9-F14D1FF6DA1D}
		{09E7588C-5E9D-4D72-BB17-53DB97DE0EF0} = {7BC3B9CA-E09B-4BE0-A1C9-F14D1FF6DA1D}
		{46B18461-00C8-4513-A74B-528E87CAC973} = {7BC3B9CA-E09B-4BE0-A1C9-F14D1FF6DA1D}
		{33E1D1C6-55B1-45F8-A697-B6593C56CC28} = {7BC3B9CA-E09B-4BE0-A1C9-F14D1FF6DA1D}
		{6A8C9810-9E55-4E74-9CD6-651CAF76A061} = {DCFECF19-D57E-444A-AA3D-34BF08947B6D}
		{E2801116-5E4F-4DA4-9B89-9C4644C351C1} = {AF4CB829-A907-4349-8F79-5FE779A977AF}
	EndGlobalSection
	GlobalSection(ExtensibilityGlobals) = postSolution
		SolutionGuid = {0F301FF7-543A-45A6-B98F-EA142F996FE1}
	EndGlobalSection
EndGlobal
